
Microsoft Visual Studio Solution File, Format Version 12.00
# Visual Studio Version 17
VisualStudioVersion = 17.5.002.0
MinimumVisualStudioVersion = 10.0.40219.1
Project("{9A19103F-16F7-4668-BE54-9A1E7A4F7556}") = "DBTechcareer", "DBTechcareer.csproj", "{135EC1A8-DD40-4889-840D-232D2833DDF8}"
EndProject
Global
	GlobalSection(SolutionConfigurationPlatforms) = preSolution
		Debug|Any CPU = Debug|Any CPU
		Release|Any CPU = Release|Any CPU
	EndGlobalSection
	GlobalSection(ProjectConfigurationPlatforms) = postSolution
		{135EC1A8-DD40-4889-840D-232D2833DDF8}.Debug|Any CPU.ActiveCfg = Debug|Any CPU
		{135EC1A8-DD40-4889-840D-232D2833DDF8}.Debug|Any CPU.Build.0 = Debug|Any CPU
		{135EC1A8-DD40-4889-840D-232D2833DDF8}.Release|Any CPU.ActiveCfg = Release|Any CPU
		{135EC1A8-DD40-4889-840D-232D2833DDF8}.Release|Any CPU.Build.0 = Release|Any CPU
	EndGlobalSection
	GlobalSection(SolutionProperties) = preSolution
		HideSolutionNode = FALSE
	EndGlobalSection
	GlobalSection(ExtensibilityGlobals) = postSolution
		SolutionGuid = {3B8BAD7E-CCBC-4925-9DC6-5EC8DDEA52DD}
	EndGlobalSection
EndGlobal
